<Solution>
  <Folder Name="/SolutionFolder/">
    <File Path="docker-compose.yml" />
  </Folder>
  <Folder Name="/src/" />
  <Folder Name="/src/Accrual/">
    <Project Path="src/Accrual/Accrual.Api/Accrual.Api.csproj" />
    <Project Path="src/Accrual/Accrual.Application/Accrual.Application.csproj" />
    <Project Path="src/Accrual/Accrual.Domain/Accrual.Domain.csproj" />
    <Project Path="src/Accrual/Accrual.Infrastructure/Accrual.Infrastructure.csproj" />
  </Folder>
  <Folder Name="/src/Users/">
    <Project Path="src/Users/Users.Api/Users.Api.csproj" />
    <Project Path="src/Users/Users.Application/Users.Application.csproj" />
    <Project Path="src/Users/Users.Domain/Users.Domain.csproj" />
    <Project Path="src/Users/Users.Infrastructure/Users.Infrastructure.csproj" />
  </Folder>
  <Folder Name="/tests/">
    <Project Path="tests/Accrual.Domain.Tests/Accrual.Domain.Tests.csproj" />
  </Folder>
</Solution>